{
  "nodes": {
    "flake-utils": {
      "inputs": {
        "systems": "systems"
      },
      "locked": {
        "lastModified": 1731533236,
        "narHash": "sha256-l0KFg5HjrsfsO/JpG+r7fRrqm12kzFHyUHqHCVpMMbI=",
        "owner": "numtide",
        "repo": "flake-utils",
        "rev": "11707dc2f618dd54ca8739b309ec4fc024de578b",
        "type": "github"
      },
      "original": {
        "owner": "numtide",
        "repo": "flake-utils",
        "type": "github"
      }
    },
    "nix-hug": {
      "inputs": {
        "nixpkgs": [
          "nixpkgs"
        ]
      },
      "locked": {
        "lastModified": 1771819901,
        "narHash": "sha256-IIzktGr0LKM8nZyo8DYPIkDFN1NO4GXjtoGIzWqw/wA=",
        "owner": "longregen",
        "repo": "nix-hug",
        "rev": "9c7819b30e2a0586296d812bee05ce02e38dd69d",
        "type": "github"
      },
      "original": {
        "owner": "longregen",
        "repo": "nix-hug",
        "type": "github"
      }
    },
    "nixpkgs": {
      "locked": {
        "lastModified": 1771848320,
        "narHash": "sha256-0MAd+0mun3K/Ns8JATeHT1sX28faLII5hVLq0L3BdZU=",
        "owner": "NixOS",
        "repo": "nixpkgs",
        "rev": "2fc6539b481e1d2569f25f8799236694180c0993",
        "type": "github"
      },
      "original": {
        "owner": "NixOS",
        "ref": "nixos-unstable",
        "repo": "nixpkgs",
        "type": "github"
      }
    },
    "root": {
      "inputs": {
        "flake-utils": "flake-utils",
        "nix-hug": "nix-hug",
        "nixpkgs": "nixpkgs",
        "speaches": "speaches"
      }
    },
    "speaches": {
      "inputs": {
        "flake-utils": [
          "flake-utils"
        ],
        "nix-hug": [
          "nix-hug"
        ],
        "nixpkgs": [
          "nixpkgs"
        ]
      },
      "locked": {
        "lastModified": 1769547253,
        "narHash": "sha256-b8rYIUC11v6k7PuzvZInjZmk4X9u2g5U0AR5KZpoYYM=",
        "owner": "longregen",
        "repo": "speaches",
        "rev": "4be32655b4548ad02d9ee9ac6b6fd0f02e83b304",
        "type": "github"
      },
      "original": {
        "owner": "longregen",
        "repo": "speaches",
        "type": "github"
      }
    },
    "systems": {
      "locked": {
        "lastModified": 1681028828,
        "narHash": "sha256-Vy1rq5AaRuLzOxct8nz4T6wlgyUR7zLU309k9mBC768=",
        "owner": "nix-systems",
        "repo": "default",
        "rev": "da67096a3b9bf56a91d16901293e51ba5b49a27e",
        "type": "github"
      },
      "original": {
        "owner": "nix-systems",
        "repo": "default",
        "type": "github"
      }
    }
  },
  "root": "root",
  "version": 7
}
